
Microsoft Visual Studio Solution File, Format Version 12.00
# Visual Studio Version 17
VisualStudioVersion = 17.10.35004.147
MinimumVisualStudioVersion = 10.0.40219.1
Project("{FAE04EC0-301F-11D3-BF4B-00C04F79EFBC}") = "CRAFTHER.Backend", "CRAFTHER.Backend\CRAFTHER.Backend.csproj", "{A94B198E-B315-478C-BD1D-94D78B158FBA}"
EndProject
Global
	GlobalSection(SolutionConfigurationPlatforms) = preSolution
		Debug|Any CPU = Debug|Any CPU
		Release|Any CPU = Release|Any CPU
	EndGlobalSection
	GlobalSection(ProjectConfigurationPlatforms) = postSolution
		{A94B198E-B315-478C-BD1D-94D78B158FBA}.Debug|Any CPU.ActiveCfg = Debug|Any CPU
		{A94B198E-B315-478C-BD1D-94D78B158FBA}.Debug|Any CPU.Build.0 = Debug|Any CPU
		{A94B198E-B315-478C-BD1D-94D78B158FBA}.Release|Any CPU.ActiveCfg = Release|Any CPU
		{A94B198E-B315-478C-BD1D-94D78B158FBA}.Release|Any CPU.Build.0 = Release|Any CPU
	EndGlobalSection
	GlobalSection(SolutionProperties) = preSolution
		HideSolutionNode = FALSE
	EndGlobalSection
	GlobalSection(ExtensibilityGlobals) = postSolution
		SolutionGuid = {02B5FC65-F3A2-47D7-9907-FD538215D3C4}
	EndGlobalSection
EndGlobal
